#============================================================
# Build by Terasic System Builder
#============================================================

set_global_assignment -name FAMILY "Cyclone V"
set_global_assignment -name DEVICE 5CSXFC6D6F31C8ES
set_global_assignment -name TOP_LEVEL_ENTITY "test"
set_global_assignment -name ORIGINAL_QUARTUS_VERSION "12.0"
set_global_assignment -name LAST_QUARTUS_VERSION 14.1.0
set_global_assignment -name PROJECT_CREATION_TIME_DATE "13:46:39 APRIL 16,2015"
set_global_assignment -name DEVICE_FILTER_PACKAGE FBGA
set_global_assignment -name DEVICE_FILTER_PIN_COUNT 896
set_global_assignment -name DEVICE_FILTER_SPEED_GRADE 8_H6

#============================================================
# CLOCK
#============================================================
set_location_assignment PIN_AF14 -to OSC_50_B3B
set_instance_assignment -name IO_STANDARD "1.5 V" -to OSC_50_B3B
set_location_assignment PIN_AA16 -to OSC_50_B4A
set_instance_assignment -name IO_STANDARD "1.5 V" -to OSC_50_B4A
set_location_assignment PIN_Y26 -to OSC_50_B5B
set_instance_assignment -name IO_STANDARD "2.5 V" -to OSC_50_B5B
set_location_assignment PIN_K14 -to OSC_50_B8A
set_instance_assignment -name IO_STANDARD "2.5 V" -to OSC_50_B8A

#============================================================
# LED
#============================================================
set_location_assignment PIN_AF10 -to LED[0]
set_instance_assignment -name IO_STANDARD "3.3-V LVTTL" -to LED[0]
set_location_assignment PIN_AD10 -to LED[1]
set_instance_assignment -name IO_STANDARD "3.3-V LVTTL" -to LED[1]
set_location_assignment PIN_AE11 -to LED[2]
set_instance_assignment -name IO_STANDARD "3.3-V LVTTL" -to LED[2]
set_location_assignment PIN_AD7 -to LED[3]
set_instance_assignment -name IO_STANDARD "3.3-V LVTTL" -to LED[3]

#============================================================
# KEY
#============================================================
set_location_assignment PIN_AE9 -to KEY[0]
set_instance_assignment -name IO_STANDARD "3.3-V LVTTL" -to KEY[0]
set_location_assignment PIN_AE12 -to KEY[1]
set_instance_assignment -name IO_STANDARD "3.3-V LVTTL" -to KEY[1]
set_location_assignment PIN_AD9 -to KEY[2]
set_instance_assignment -name IO_STANDARD "3.3-V LVTTL" -to KEY[2]
set_location_assignment PIN_AD11 -to KEY[3]
set_instance_assignment -name IO_STANDARD "3.3-V LVTTL" -to KEY[3]
set_location_assignment PIN_AD27 -to RESET_n
set_instance_assignment -name IO_STANDARD "3.3-V LVTTL" -to RESET_n

#============================================================
# SW
#============================================================
set_location_assignment PIN_W25 -to SW[0]
set_instance_assignment -name IO_STANDARD "2.5 V" -to SW[0]
set_location_assignment PIN_V25 -to SW[1]
set_instance_assignment -name IO_STANDARD "2.5 V" -to SW[1]
set_location_assignment PIN_AC28 -to SW[2]
set_instance_assignment -name IO_STANDARD "2.5 V" -to SW[2]
set_location_assignment PIN_AC29 -to SW[3]
set_instance_assignment -name IO_STANDARD "2.5 V" -to SW[3]

#============================================================
# Si5338
#============================================================
set_location_assignment PIN_AE26 -to SI5338_SCL
set_instance_assignment -name IO_STANDARD "3.3-V LVTTL" -to SI5338_SCL
set_location_assignment PIN_AJ29 -to SI5338_SDA
set_instance_assignment -name IO_STANDARD "3.3-V LVTTL" -to SI5338_SDA

#============================================================
# Temperature
#============================================================
set_location_assignment PIN_AF8 -to TEMP_CS_n
set_instance_assignment -name IO_STANDARD "3.3-V LVTTL" -to TEMP_CS_n
set_location_assignment PIN_AG7 -to TEMP_DIN
set_instance_assignment -name IO_STANDARD "3.3-V LVTTL" -to TEMP_DIN
set_location_assignment PIN_AG1 -to TEMP_DOUT
set_instance_assignment -name IO_STANDARD "3.3-V LVTTL" -to TEMP_DOUT
set_location_assignment PIN_AF9 -to TEMP_SCLK
set_instance_assignment -name IO_STANDARD "3.3-V LVTTL" -to TEMP_SCLK

#============================================================
# End of pin assignments by Terasic System Builder
#============================================================


set_global_assignment -name VERILOG_FILE led_test.v
set_global_assignment -name SDC_FILE test.SDC
set_global_assignment -name MIN_CORE_JUNCTION_TEMP 0
set_global_assignment -name MAX_CORE_JUNCTION_TEMP 85
set_global_assignment -name POWER_PRESET_COOLING_SOLUTION "23 MM HEAT SINK WITH 200 LFPM AIRFLOW"
set_global_assignment -name POWER_BOARD_THERMAL_MODEL "NONE (CONSERVATIVE)"
set_global_assignment -name PARTITION_NETLIST_TYPE SOURCE -section_id Top
set_global_assignment -name PARTITION_FITTER_PRESERVATION_LEVEL PLACEMENT_AND_ROUTING -section_id Top
set_global_assignment -name PARTITION_COLOR 16764057 -section_id Top
set_instance_assignment -name PARTITION_HIERARCHY root_partition -to | -section_id Top